
Microsoft Visual Studio Solution File, Format Version 12.00
# Visual Studio Version 17
VisualStudioVersion = 17.11.35219.272
MinimumVisualStudioVersion = 10.0.40219.1
Project("{FAE04EC0-301F-11D3-BF4B-00C04F79EFBC}") = "SumaNumeros", "SumaNumeros\SumaNumeros.csproj", "{49B94927-AA48-456D-BFEB-DA5ABFF2BFA0}"
EndProject
Global
	GlobalSection(SolutionConfigurationPlatforms) = preSolution
		Debug|Any CPU = Debug|Any CPU
		Release|Any CPU = Release|Any CPU
	EndGlobalSection
	GlobalSection(ProjectConfigurationPlatforms) = postSolution
		{49B94927-AA48-456D-BFEB-DA5ABFF2BFA0}.Debug|Any CPU.ActiveCfg = Debug|Any CPU
		{49B94927-AA48-456D-BFEB-DA5ABFF2BFA0}.Debug|Any CPU.Build.0 = Debug|Any CPU
		{49B94927-AA48-456D-BFEB-DA5ABFF2BFA0}.Release|Any CPU.ActiveCfg = Release|Any CPU
		{49B94927-AA48-456D-BFEB-DA5ABFF2BFA0}.Release|Any CPU.Build.0 = Release|Any CPU
	EndGlobalSection
	GlobalSection(SolutionProperties) = preSolution
		HideSolutionNode = FALSE
	EndGlobalSection
	GlobalSection(ExtensibilityGlobals) = postSolution
		SolutionGuid = {A40FF9F6-11CF-4104-B04E-24076082F709}
	EndGlobalSection
EndGlobal
